
Microsoft Visual Studio Solution File, Format Version 12.00
# Visual Studio 15
VisualStudioVersion = 15.0.27428.2002
MinimumVisualStudioVersion = 10.0.40219.1
Project("{FAE04EC0-301F-11D3-BF4B-00C04F79EFBC}") = "kpiTest", "kpiTest\kpiTest.csproj", "{9E39687B-F42B-4700-924E-AEB6219CA488}"
EndProject
Global
	GlobalSection(SolutionConfigurationPlatforms) = preSolution
		Debug|Any CPU = Debug|Any CPU
		Release|Any CPU = Release|Any CPU
	EndGlobalSection
	GlobalSection(ProjectConfigurationPlatforms) = postSolution
		{9E39687B-F42B-4700-924E-AEB6219CA488}.Debug|Any CPU.ActiveCfg = Debug|Any CPU
		{9E39687B-F42B-4700-924E-AEB6219CA488}.Debug|Any CPU.Build.0 = Debug|Any CPU
		{9E39687B-F42B-4700-924E-AEB6219CA488}.Release|Any CPU.ActiveCfg = Release|Any CPU
		{9E39687B-F42B-4700-924E-AEB6219CA488}.Release|Any CPU.Build.0 = Release|Any CPU
	EndGlobalSection
	GlobalSection(SolutionProperties) = preSolution
		HideSolutionNode = FALSE
	EndGlobalSection
	GlobalSection(ExtensibilityGlobals) = postSolution
		SolutionGuid = {31A976C0-94A7-42E8-B314-3189832EDB9B}
	EndGlobalSection
EndGlobal
